# THIS IS AN AUTOGENERATED FILE. DO NOT EDIT THIS FILE DIRECTLY.
# yarn lockfile v1


"@types/node@^16.10.2":
  version "16.10.2"
  resolved "https://registry.yarnpkg.com/@types/node/-/node-16.10.2.tgz#5764ca9aa94470adb4e1185fe2e9f19458992b2e"
  integrity sha512-zCclL4/rx+W5SQTzFs9wyvvyCwoK9QtBpratqz2IYJ3O8Umrn0m3nsTv0wQBk9sRGpvUe9CwPDrQFB10f1FIjQ==

colors@^1.4.0:
  version "1.4.0"
  resolved "https://registry.yarnpkg.com/colors/-/colors-1.4.0.tgz#c50491479d4c1bdaed2c9ced32cf7c7dc2360f78"
  integrity sha512-a+UqTh4kgZg/SlGvfbzDHpgRu7AAQOmmqRHJnxhRZICKFUT91brVhNNt58CMWU9PsBbv3PDCZUHbVxuDiH2mtA==

emitter-component@^1.1.1:
  version "1.1.1"
  resolved "https://registry.yarnpkg.com/emitter-component/-/emitter-component-1.1.1.tgz#065e2dbed6959bf470679edabeaf7981d1003ab6"
  integrity sha1-Bl4tvtaVm/RwZ57avq95gdEAOrY=

is-base64@^1.1.0:
  version "1.1.0"
  resolved "https://registry.yarnpkg.com/is-base64/-/is-base64-1.1.0.tgz#8ce1d719895030a457c59a7dcaf39b66d99d56b4"
  integrity sha512-Nlhg7Z2dVC4/PTvIFkgVVNvPHSO2eR/Yd0XzhGiXCXEvWnptXlXa/clQ8aePPiMuxEGcWfzWbGw2Fe3d+Y3v1g==

kleur@^3.0.3:
  version "3.0.3"
  resolved "https://registry.yarnpkg.com/kleur/-/kleur-3.0.3.tgz#a79c9ecc86ee1ce3fa6206d1216c501f147fc07e"
  integrity sha512-eTIzlVOSUR+JxdDFepEYcBMtZ9Qqdef+rnzWdRZuMbOywu5tO2w2N7rqjoANZ5k9vywhL6Br1VRjUIgTQx4E8w==

moment@^2.29.1:
  version "2.29.1"
  resolved "https://registry.yarnpkg.com/moment/-/moment-2.29.1.tgz#b2be769fa31940be9eeea6469c075e35006fa3d3"
  integrity sha512-kHmoybcPV8Sqy59DwNDY3Jefr64lK/by/da0ViFcuA4DH0vQg5Q6Ze5VimxkfQNSC+Mls/Kx53s7TjP1RhFEDQ==

node-bin-setup@^1.0.0:
  version "1.0.6"
  resolved "https://registry.yarnpkg.com/node-bin-setup/-/node-bin-setup-1.0.6.tgz#4b5c9bb937ece702d7069b36ca78af4684677528"
  integrity sha512-uPIxXNis1CRbv1DwqAxkgBk5NFV3s7cMN/Gf556jSw6jBvV7ca4F9lRL/8cALcZecRibeqU+5dFYqFFmzv5a0Q==

node@^16.10.0:
  version "16.10.0"
  resolved "https://registry.yarnpkg.com/node/-/node-16.10.0.tgz#5cd96a98f33ffa90ce83901c77cc980dde344bb4"
  integrity sha512-SXcqz3j4AOFMPPsd0bXDpQY95Xm8mnJ7PbBhJKEvp+aPYoVH38QAHha59EAuRaiASaSLWt5sP0oDCMzzaSmEAA==
  dependencies:
    node-bin-setup "^1.0.0"

prompts@^2.4.1:
  version "2.4.1"
  resolved "https://registry.yarnpkg.com/prompts/-/prompts-2.4.1.tgz#befd3b1195ba052f9fd2fde8a486c4e82ee77f61"
  integrity sha512-EQyfIuO2hPDsX1L/blblV+H7I0knhgAd82cVneCwcdND9B8AuCDuRcBH6yIcG4dFzlOUqbazQqwGjx5xmsNLuQ==
  dependencies:
    kleur "^3.0.3"
    sisteransi "^1.0.5"

sisteransi@^1.0.5:
  version "1.0.5"
  resolved "https://registry.yarnpkg.com/sisteransi/-/sisteransi-1.0.5.tgz#134d681297756437cc05ca01370d3a7a571075ed"
  integrity sha512-bLGGlR1QxBcynn2d5YmDX4MGjlZvy2MRBDRNHLJ8VI6l6+9FUiyTFNJ0IveOSP0bcXgVDPRcfGqA0pjaqUpfVg==

stream@^0.0.2:
  version "0.0.2"
  resolved "https://registry.yarnpkg.com/stream/-/stream-0.0.2.tgz#7f5363f057f6592c5595f00bc80a27f5cec1f0ef"
  integrity sha1-f1Nj8Ff2WSxVlfALyAon9c7B8O8=
  dependencies:
    emitter-component "^1.1.1"
